// !$*UTF8*$!
{
	archiveVersion = 1;
	classes = {
	};
	objectVersion = 46;
	objects = {

/* Begin PBXBuildFile section */
		537B606D1EE9C6C100D05B51 /* AppDelegate.swift in Sources */ = {isa = PBXBuildFile; fileRef = 537B606C1EE9C6C100D05B51 /* AppDelegate.swift */; };
		537B606F1EE9C6C100D05B51 /* ViewController.swift in Sources */ = {isa = PBXBuildFile; fileRef = 537B606E1EE9C6C100D05B51 /* ViewController.swift */; };
		537B60721EE9C6C100D05B51 /* Main.storyboard in Resources */ = {isa = PBXBuildFile; fileRef = 537B60701EE9C6C100D05B51 /* Main.storyboard */; };
		537B60741EE9C6C100D05B51 /* Assets.xcassets in Resources */ = {isa = PBXBuildFile; fileRef = 537B60731EE9C6C100D05B51 /* Assets.xcassets */; };
		537B60771EE9C6C100D05B51 /* LaunchScreen.storyboard in Resources */ = {isa = PBXBuildFile; fileRef = 537B60751EE9C6C100D05B51 /* LaunchScreen.storyboard */; };
/* End PBXBuildFile section */

/* Begin PBXFileReference section */
		537B60691EE9C6C100D05B51 /* PTLive.app */ = {isa = PBXFileReference; explicitFileType = wrapper.application; includeInIndex = 0; path = PTLive.app; sourceTree = BUILT_PRODUCTS_DIR; };
		537B606C1EE9C6C100D05B51 /* AppDelegate.swift */ = {isa = PBXFileReference; lastKnownFileType = sourcecode.swift; path = AppDelegate.swift; sourceTree = "<group>"; };
		537B606E1EE9C6C100D05B51 /* ViewController.swift */ = {isa = PBXFileReference; lastKnownFileType = sourcecode.swift; path = ViewController.swift; sourceTree = "<group>"; };
		537B60711EE9C6C100D05B51 /* Base */ = {isa = PBXFileReference; lastKnownFileType = file.storyboard; name = Base; path = Base.lproj/Main.storyboard; sourceTree = "<group>"; };
		537B60731EE9C6C100D05B51 /* Assets.xcassets */ = {isa = PBXFileReference; lastKnownFileType = folder.assetcatalog; path = Assets.xcassets; sourceTree = "<group>"; };
		537B60761EE9C6C100D05B51 /* Base */ = {isa = PBXFileReference; lastKnownFileType = file.storyboard; name = Base; path = Base.lproj/LaunchScreen.storyboard; sourceTree = "<group>"; };
		537B60781EE9C6C100D05B51 /* Info.plist */ = {isa = PBXFileReference; lastKnownFileType = text.plist.xml; path = Info.plist; sourceTree = "<group>"; };
/* End PBXFileReference section */

/* Begin PBXFrameworksBuildPhase section */
		537B60661EE9C6C100D05B51 /* Frameworks */ = {
			isa = PBXFrameworksBuildPhase;
			buildActionMask = 2147483647;
			files = (
			);
			runOnlyForDeploymentPostprocessing = 0;
		};
/* End PBXFrameworksBuildPhase section */

/* Begin PBXGroup section */
		537B60601EE9C6C000D05B51 = {
			isa = PBXGroup;
			children = (
				537B606B1EE9C6C100D05B51 /* PTLive */,
				537B606A1EE9C6C100D05B51 /* Products */,
			);
			sourceTree = "<group>";
		};
		537B606A1EE9C6C100D05B51 /* Products */ = {
			isa = PBXGroup;
			children = (
				537B60691EE9C6C100D05B51 /* PTLive.app */,
			);
			name = Products;
			sourceTree = "<group>";
		};
		537B606B1EE9C6C100D05B51 /* PTLive */ = {
			isa = PBXGroup;
			children = (
				537B606C1EE9C6C100D05B51 /* AppDelegate.swift */,
				537B606E1EE9C6C100D05B51 /* ViewController.swift */,
				537B60701EE9C6C100D05B51 /* Main.storyboard */,
				537B60731EE9C6C100D05B51 /* Assets.xcassets */,
				537B60751EE9C6C100D05B51 /* LaunchScreen.storyboard */,
				537B60781EE9C6C100D05B51 /* Info.plist */,
			);
			path = PTLive;
			sourceTree = "<group>";
		};
/* End PBXGroup section */

/* Begin PBXNativeTarget section */
		537B60681EE9C6C100D05B51 /* PTLive */ = {
			isa = PBXNativeTarget;
			buildConfigurationList = 537B607B1EE9C6C100D05B51 /* Build configuration list for PBXNativeTarget "PTLive" */;
			buildPhases = (
				537B60651EE9C6C100D05B51 /* Sources */,
				537B60661EE9C6C100D05B51 /* Frameworks */,
				537B60671EE9C6C100D05B51 /* Resources */,
			);
			buildRules = (
			);
			dependencies = (
			);
			name = PTLive;
			productName = PTLive;
			productReference = 537B60691EE9C6C100D05B51 /* PTLive.app */;
			productType = "com.apple.product-type.application";
		};
/* End PBXNativeTarget section */

/* Begin PBXProject section */
		537B60611EE9C6C000D05B51 /* Project object */ = {
			isa = PBXProject;
			attributes = {
				LastSwiftUpdateCheck = 0800;
				LastUpgradeCheck = 0800;
				ORGANIZATIONNAME = NuaTransMedia;
				TargetAttributes = {
					537B60681EE9C6C100D05B51 = {
						CreatedOnToolsVersion = 8.0;
						ProvisioningStyle = Automatic;
					};
				};
			};
			buildConfigurationList = 537B60641EE9C6C000D05B51 /* Build configuration list for PBXProject "PTLive" */;
			compatibilityVersion = "Xcode 3.2";
			developmentRegion = English;
			hasScannedForEncodings = 0;
			knownRegions = (
				en,
				Base,
			);
			mainGroup = 537B60601EE9C6C000D05B51;
			productRefGroup = 537B606A1EE9C6C100D05B51 /* Products */;
			projectDirPath = "";
			projectRoot = "";
			targets = (
				537B60681EE9C6C100D05B51 /* PTLive */,
			);
		};
/* End PBXProject section */

/* Begin PBXResourcesBuildPhase section */
		537B60671EE9C6C100D05B51 /* Resources */ = {
			isa = PBXResourcesBuildPhase;
			buildActionMask = 2147483647;
			files = (
				537B60771EE9C6C100D05B51 /* LaunchScreen.storyboard in Resources */,
				537B60741EE9C6C100D05B51 /* Assets.xcassets in Resources */,
				537B60721EE9C6C100D05B51 /* Main.storyboard in Resources */,
			);
			runOnlyForDeploymentPostprocessing = 0;
		};
/* End PBXResourcesBuildPhase section */

/* Begin PBXSourcesBuildPhase section */
		537B60651EE9C6C100D05B51 /* Sources */ = {
			isa = PBXSourcesBuildPhase;
			buildActionMask = 2147483647;
			files = (
				537B606F1EE9C6C100D05B51 /* ViewController.swift in Sources */,
				537B606D1EE9C6C100D05B51 /* AppDelegate.swift in Sources */,
			);
			runOnlyForDeploymentPostprocessing = 0;
		};
/* End PBXSourcesBuildPhase section */

/* Begin PBXVariantGroup section */
		537B60701EE9C6C100D05B51 /* Main.storyboard */ = {
			isa = PBXVariantGroup;
			children = (
				537B60711EE9C6C100D05B51 /* Base */,
			);
			name = Main.storyboard;
			sourceTree = "<group>";
		};
		537B60751EE9C6C100D05B51 /* LaunchScreen.storyboard */ = {
			isa = PBXVariantGroup;
			children = (
				537B60761EE9C6C100D05B51 /* Base */,
			);
			name = LaunchScreen.storyboard;
			sourceTree = "<group>";
		};
/* End PBXVariantGroup section */

/* Begin XCBuildConfiguration section */
		537B60791EE9C6C100D05B51 /* Debug */ = {
			isa = XCBuildConfiguration;
			buildSettings = {
				ALWAYS_SEARCH_USER_PATHS = NO;
				CLANG_ANALYZER_NONNULL = YES;
				CLANG_CXX_LANGUAGE_STANDARD = "gnu++0x";
				CLANG_CXX_LIBRARY = "libc++";
				CLANG_ENABLE_MODULES = YES;
				CLANG_ENABLE_OBJC_ARC = YES;
				CLANG_WARN_BOOL_CONVERSION = YES;
				CLANG_WARN_CONSTANT_CONVERSION = YES;
				CLANG_WARN_DIRECT_OBJC_ISA_USAGE = YES_ERROR;
				CLANG_WARN_DOCUMENTATION_COMMENTS = YES;
				CLANG_WARN_EMPTY_BODY = YES;
				CLANG_WARN_ENUM_CONVERSION = YES;
				CLANG_WARN_INFINITE_RECURSION = YES;
				CLANG_WARN_INT_CONVERSION = YES;
				CLANG_WARN_OBJC_ROOT_CLASS = YES_ERROR;
				CLANG_WARN_SUSPICIOUS_MOVES = YES;
				CLANG_WARN_UNREACHABLE_CODE = YES;
				CLANG_WARN__DUPLICATE_METHOD_MATCH = YES;
				"CODE_SIGN_IDENTITY[sdk=iphoneos*]" = "iPhone Developer";
				COPY_PHASE_STRIP = NO;
				DEBUG_INFORMATION_FORMAT = dwarf;
				ENABLE_STRICT_OBJC_MSGSEND = YES;
				ENABLE_TESTABILITY = YES;
				GCC_C_LANGUAGE_STANDARD = gnu99;
				GCC_DYNAMIC_NO_PIC = NO;
				GCC_NO_COMMON_BLOCKS = YES;
				GCC_OPTIMIZATION_LEVEL = 0;
				GCC_PREPROCESSOR_DEFINITIONS = (
					"DEBUG=1",
					"$(inherited)",
				);
				GCC_WARN_64_TO_32_BIT_CONVERSION = YES;
				GCC_WARN_ABOUT_RETURN_TYPE = YES_ERROR;
				GCC_WARN_UNDECLARED_SELECTOR = YES;
				GCC_WARN_UNINITIALIZED_AUTOS = YES_AGGRESSIVE;
				GCC_WARN_UNUSED_FUNCTION = YES;
				GCC_WARN_UNUSED_VARIABLE = YES;
				IPHONEOS_DEPLOYMENT_TARGET = 10.0;
				MTL_ENABLE_DEBUG_INFO = YES;
				ONLY_ACTIVE_ARCH = YES;
				SDKROOT = iphoneos;
				SWIFT_ACTIVE_COMPILATION_CONDITIONS = DEBUG;
				SWIFT_OPTIMIZATION_LEVEL = "-Onone";
				TARGETED_DEVICE_FAMILY = "1,2";
			};
			name = Debug;
		};
		537B607A1EE9C6C100D05B51 /* Release */ = {
			isa = XCBuildConfiguration;
			buildSettings = {
				ALWAYS_SEARCH_USER_PATHS = NO;
				CLANG_ANALYZER_NONNULL = YES;
				CLANG_CXX_LANGUAGE_STANDARD = "gnu++0x";
				CLANG_CXX_LIBRARY = "libc++";
				CLANG_ENABLE_MODULES = YES;
				CLANG_ENABLE_OBJC_ARC = YES;
				CLANG_WARN_BOOL_CONVERSION = YES;
				CLANG_WARN_CONSTANT_CONVERSION = YES;
				CLANG_WARN_DIRECT_OBJC_ISA_USAGE = YES_ERROR;
				CLANG_WARN_DOCUMENTATION_COMMENTS = YES;
				CLANG_WARN_EMPTY_BODY = YES;
				CLANG_WARN_ENUM_CONVERSION = YES;
				CLANG_WARN_INFINITE_RECURSION = YES;
				CLANG_WARN_INT_CONVERSION = YES;
				CLANG_WARN_OBJC_ROOT_CLASS = YES_ERROR;
				CLANG_WARN_SUSPICIOUS_MOVES = YES;
				CLANG_WARN_UNREACHABLE_CODE = YES;
				CLANG_WARN__DUPLICATE_METHOD_MATCH = YES;
				"CODE_SIGN_IDENTITY[sdk=iphoneos*]" = "iPhone Developer";
				COPY_PHASE_STRIP = NO;
				DEBUG_INFORMATION_FORMAT = "dwarf-with-dsym";
				ENABLE_NS_ASSERTIONS = NO;
				ENABLE_STRICT_OBJC_MSGSEND = YES;
				GCC_C_LANGUAGE_STANDARD = gnu99;
				GCC_NO_COMMON_BLOCKS = YES;
				GCC_WARN_64_TO_32_BIT_CONVERSION = YES;
				GCC_WARN_ABOUT_RETURN_TYPE = YES_ERROR;
				GCC_WARN_UNDECLARED_SELECTOR = YES;
				GCC_WARN_UNINITIALIZED_AUTOS = YES_AGGRESSIVE;
				GCC_WARN_UNUSED_FUNCTION = YES;
				GCC_WARN_UNUSED_VARIABLE = YES;
				IPHONEOS_DEPLOYMENT_TARGET = 10.0;
				MTL_ENABLE_DEBUG_INFO = NO;
				SDKROOT = iphoneos;
				SWIFT_OPTIMIZATION_LEVEL = "-Owholemodule";
				TARGETED_DEVICE_FAMILY = "1,2";
				VALIDATE_PRODUCT = YES;
			};
			name = Release;
		};
		537B607C1EE9C6C100D05B51 /* Debug */ = {
			isa = XCBuildConfiguration;
			buildSettings = {
				ASSETCATALOG_COMPILER_APPICON_NAME = AppIcon;
				INFOPLIST_FILE = PTLive/Info.plist;
				LD_RUNPATH_SEARCH_PATHS = "$(inherited) @executable_path/Frameworks";
				PRODUCT_BUNDLE_IDENTIFIER = com.nuatransmedia.PTLive;
				PRODUCT_NAME = "$(TARGET_NAME)";
				SWIFT_VERSION = 3.0;
			};
			name = Debug;
		};
		537B607D1EE9C6C100D05B51 /* Release */ = {
			isa = XCBuildConfiguration;
			buildSettings = {
				ASSETCATALOG_COMPILER_APPICON_NAME = AppIcon;
				INFOPLIST_FILE = PTLive/Info.plist;
				LD_RUNPATH_SEARCH_PATHS = "$(inherited) @executable_path/Frameworks";
				PRODUCT_BUNDLE_IDENTIFIER = com.nuatransmedia.PTLive;
				PRODUCT_NAME = "$(TARGET_NAME)";
				SWIFT_VERSION = 3.0;
			};
			name = Release;
		};
/* End XCBuildConfiguration section */

/* Begin XCConfigurationList section */
		537B60641EE9C6C000D05B51 /* Build configuration list for PBXProject "PTLive" */ = {
			isa = XCConfigurationList;
			buildConfigurations = (
				537B60791EE9C6C100D05B51 /* Debug */,
				537B607A1EE9C6C100D05B51 /* Release */,
			);
			defaultConfigurationIsVisible = 0;
			defaultConfigurationName = Release;
		};
		537B607B1EE9C6C100D05B51 /* Build configuration list for PBXNativeTarget "PTLive" */ = {
			isa = XCConfigurationList;
			buildConfigurations = (
				537B607C1EE9C6C100D05B51 /* Debug */,
				537B607D1EE9C6C100D05B51 /* Release */,
			);
			defaultConfigurationIsVisible = 0;
		};
/* End XCConfigurationList section */
	};
	rootObject = 537B60611EE9C6C000D05B51 /* Project object */;
}
